
Microsoft Visual Studio Solution File, Format Version 12.00
# Visual Studio 15
VisualStudioVersion = 15.0.28010.2026
MinimumVisualStudioVersion = 10.0.40219.1
Project("{FAE04EC0-301F-11D3-BF4B-00C04F79EFBC}") = "DbFirst", "DbFirst\DbFirst.csproj", "{AFBD3B9F-76F8-4EBF-AD44-DF2EC0AF4FDF}"
EndProject
Global
	GlobalSection(SolutionConfigurationPlatforms) = preSolution
		Debug|Any CPU = Debug|Any CPU
		Release|Any CPU = Release|Any CPU
	EndGlobalSection
	GlobalSection(ProjectConfigurationPlatforms) = postSolution
		{AFBD3B9F-76F8-4EBF-AD44-DF2EC0AF4FDF}.Debug|Any CPU.ActiveCfg = Debug|Any CPU
		{AFBD3B9F-76F8-4EBF-AD44-DF2EC0AF4FDF}.Debug|Any CPU.Build.0 = Debug|Any CPU
		{AFBD3B9F-76F8-4EBF-AD44-DF2EC0AF4FDF}.Release|Any CPU.ActiveCfg = Release|Any CPU
		{AFBD3B9F-76F8-4EBF-AD44-DF2EC0AF4FDF}.Release|Any CPU.Build.0 = Release|Any CPU
	EndGlobalSection
	GlobalSection(SolutionProperties) = preSolution
		HideSolutionNode = FALSE
	EndGlobalSection
	GlobalSection(ExtensibilityGlobals) = postSolution
		SolutionGuid = {244D611E-24F5-471E-A9E9-D9C855F6E6BF}
	EndGlobalSection
EndGlobal
